
Microsoft Visual Studio Solution File, Format Version 12.00
# Visual Studio Version 17
VisualStudioVersion = 17.12.35707.178
MinimumVisualStudioVersion = 10.0.40219.1
Project("{FAE04EC0-301F-11D3-BF4B-00C04F79EFBC}") = "GestaoPedidosPayment", "GestaoPedidosPayment\GestaoPedidosPayment.csproj", "{03EF7FE5-78E2-4D79-B4A4-3CD9EBDDBAA9}"
EndProject
Project("{FAE04EC0-301F-11D3-BF4B-00C04F79EFBC}") = "Tests", "Tests\Tests.csproj", "{97604B55-343A-410A-BE4F-B7AFF98BEFFA}"
EndProject
Global
	GlobalSection(SolutionConfigurationPlatforms) = preSolution
		Debug|Any CPU = Debug|Any CPU
		NoVariablesDefault|Any CPU = NoVariablesDefault|Any CPU
		Release|Any CPU = Release|Any CPU
	EndGlobalSection
	GlobalSection(ProjectConfigurationPlatforms) = postSolution
		{03EF7FE5-78E2-4D79-B4A4-3CD9EBDDBAA9}.Debug|Any CPU.ActiveCfg = Debug|Any CPU
		{03EF7FE5-78E2-4D79-B4A4-3CD9EBDDBAA9}.Debug|Any CPU.Build.0 = Debug|Any CPU
		{03EF7FE5-78E2-4D79-B4A4-3CD9EBDDBAA9}.NoVariablesDefault|Any CPU.ActiveCfg = Release|Any CPU
		{03EF7FE5-78E2-4D79-B4A4-3CD9EBDDBAA9}.NoVariablesDefault|Any CPU.Build.0 = Release|Any CPU
		{03EF7FE5-78E2-4D79-B4A4-3CD9EBDDBAA9}.Release|Any CPU.ActiveCfg = Release|Any CPU
		{03EF7FE5-78E2-4D79-B4A4-3CD9EBDDBAA9}.Release|Any CPU.Build.0 = Release|Any CPU
		{97604B55-343A-410A-BE4F-B7AFF98BEFFA}.Debug|Any CPU.ActiveCfg = Debug|Any CPU
		{97604B55-343A-410A-BE4F-B7AFF98BEFFA}.Debug|Any CPU.Build.0 = Debug|Any CPU
		{97604B55-343A-410A-BE4F-B7AFF98BEFFA}.NoVariablesDefault|Any CPU.ActiveCfg = Debug|Any CPU
		{97604B55-343A-410A-BE4F-B7AFF98BEFFA}.NoVariablesDefault|Any CPU.Build.0 = Debug|Any CPU
		{97604B55-343A-410A-BE4F-B7AFF98BEFFA}.Release|Any CPU.ActiveCfg = Release|Any CPU
		{97604B55-343A-410A-BE4F-B7AFF98BEFFA}.Release|Any CPU.Build.0 = Release|Any CPU
	EndGlobalSection
	GlobalSection(SolutionProperties) = preSolution
		HideSolutionNode = FALSE
	EndGlobalSection
EndGlobal
